// !$*UTF8*$!
{
	archiveVersion = 1;
	classes = {
	};
	objectVersion = 46;
	objects = {

/* Begin PBXBuildFile section */
		D0063CA31A923FBF00FF83D0 /* tobywings.png in Resources */ = {isa = PBXBuildFile; fileRef = D0063CA21A923FBF00FF83D0 /* tobywings.png */; };
		D0063CB91A9245B800FF83D0 /* DSC06971.jpg in Resources */ = {isa = PBXBuildFile; fileRef = D0063CA41A9245B800FF83D0 /* DSC06971.jpg */; };
		D0063CBA1A9245B800FF83D0 /* IMG_0264.jpg in Resources */ = {isa = PBXBuildFile; fileRef = D0063CA51A9245B800FF83D0 /* IMG_0264.jpg */; };
		D0063CBB1A9245B800FF83D0 /* IMG_0345.jpg in Resources */ = {isa = PBXBuildFile; fileRef = D0063CA61A9245B800FF83D0 /* IMG_0345.jpg */; };
		D0063CBC1A9245B800FF83D0 /* IMG_0354.jpg in Resources */ = {isa = PBXBuildFile; fileRef = D0063CA71A9245B800FF83D0 /* IMG_0354.jpg */; };
		D0063CBD1A9245B800FF83D0 /* IMG_0381.jpg in Resources */ = {isa = PBXBuildFile; fileRef = D0063CA81A9245B800FF83D0 /* IMG_0381.jpg */; };
		D0063CBE1A9245B800FF83D0 /* IMG_0398.jpg in Resources */ = {isa = PBXBuildFile; fileRef = D0063CA91A9245B800FF83D0 /* IMG_0398.jpg */; };
		D0063CBF1A9245B800FF83D0 /* IMG_4071.jpg in Resources */ = {isa = PBXBuildFile; fileRef = D0063CAA1A9245B800FF83D0 /* IMG_4071.jpg */; };
		D0063CC01A9245B800FF83D0 /* IMG_4107.jpg in Resources */ = {isa = PBXBuildFile; fileRef = D0063CAB1A9245B800FF83D0 /* IMG_4107.jpg */; };
		D0063CC11A9245B800FF83D0 /* IMG_4151.jpg in Resources */ = {isa = PBXBuildFile; fileRef = D0063CAC1A9245B800FF83D0 /* IMG_4151.jpg */; };
		D0063CC21A9245B800FF83D0 /* IMG_4194.jpg in Resources */ = {isa = PBXBuildFile; fileRef = D0063CAD1A9245B800FF83D0 /* IMG_4194.jpg */; };
		D0063CC31A9245B800FF83D0 /* IMG_4198.jpg in Resources */ = {isa = PBXBuildFile; fileRef = D0063CAE1A9245B800FF83D0 /* IMG_4198.jpg */; };
		D0063CC41A9245B800FF83D0 /* IMG_4326.jpg in Resources */ = {isa = PBXBuildFile; fileRef = D0063CAF1A9245B800FF83D0 /* IMG_4326.jpg */; };
		D0063CC51A9245B800FF83D0 /* IMG_4346.jpg in Resources */ = {isa = PBXBuildFile; fileRef = D0063CB01A9245B800FF83D0 /* IMG_4346.jpg */; };
		D0063CC61A9245B800FF83D0 /* IMG_4358.jpg in Resources */ = {isa = PBXBuildFile; fileRef = D0063CB11A9245B800FF83D0 /* IMG_4358.jpg */; };
		D0063CC71A9245B800FF83D0 /* IMG_4377.jpg in Resources */ = {isa = PBXBuildFile; fileRef = D0063CB21A9245B800FF83D0 /* IMG_4377.jpg */; };
		D0063CC81A9245B800FF83D0 /* IMG_4443.jpg in Resources */ = {isa = PBXBuildFile; fileRef = D0063CB31A9245B800FF83D0 /* IMG_4443.jpg */; };
		D0063CC91A9245B800FF83D0 /* IMG_4446.jpg in Resources */ = {isa = PBXBuildFile; fileRef = D0063CB41A9245B800FF83D0 /* IMG_4446.jpg */; };
		D0063CCA1A9245B800FF83D0 /* IMG_4470.jpg in Resources */ = {isa = PBXBuildFile; fileRef = D0063CB51A9245B800FF83D0 /* IMG_4470.jpg */; };
		D0063CCB1A9245B800FF83D0 /* IMG_4484.jpg in Resources */ = {isa = PBXBuildFile; fileRef = D0063CB61A9245B800FF83D0 /* IMG_4484.jpg */; };
		D0063CCC1A9245B800FF83D0 /* IMG_4509.jpg in Resources */ = {isa = PBXBuildFile; fileRef = D0063CB71A9245B800FF83D0 /* IMG_4509.jpg */; };
		D0063CCD1A9245B800FF83D0 /* IMG_4633.jpg in Resources */ = {isa = PBXBuildFile; fileRef = D0063CB81A9245B800FF83D0 /* IMG_4633.jpg */; };
		D0A061A21A8C4E2D0032CD4A /* AppDelegate.swift in Sources */ = {isa = PBXBuildFile; fileRef = D0A061A11A8C4E2D0032CD4A /* AppDelegate.swift */; };
		D0A061A51A8C4E2D0032CD4A /* Short_Steps.xcdatamodeld in Sources */ = {isa = PBXBuildFile; fileRef = D0A061A31A8C4E2D0032CD4A /* Short_Steps.xcdatamodeld */; };
		D0A061A71A8C4E2D0032CD4A /* ViewController.swift in Sources */ = {isa = PBXBuildFile; fileRef = D0A061A61A8C4E2D0032CD4A /* ViewController.swift */; };
		D0A061AA1A8C4E2D0032CD4A /* Main.storyboard in Resources */ = {isa = PBXBuildFile; fileRef = D0A061A81A8C4E2D0032CD4A /* Main.storyboard */; };
		D0A061AC1A8C4E2D0032CD4A /* Images.xcassets in Resources */ = {isa = PBXBuildFile; fileRef = D0A061AB1A8C4E2D0032CD4A /* Images.xcassets */; };
		D0A061AF1A8C4E2D0032CD4A /* LaunchScreen.xib in Resources */ = {isa = PBXBuildFile; fileRef = D0A061AD1A8C4E2D0032CD4A /* LaunchScreen.xib */; };
		D0A061BB1A8C4E2D0032CD4A /* Short_StepsTests.swift in Sources */ = {isa = PBXBuildFile; fileRef = D0A061BA1A8C4E2D0032CD4A /* Short_StepsTests.swift */; };
		D0A061CD1A8C7B760032CD4A /* PomPuppySmallest.jpg in Resources */ = {isa = PBXBuildFile; fileRef = D0A061CC1A8C7B760032CD4A /* PomPuppySmallest.jpg */; };
		D0A061CF1A8C7CFC0032CD4A /* green_fields.jpg in Resources */ = {isa = PBXBuildFile; fileRef = D0A061CE1A8C7CFC0032CD4A /* green_fields.jpg */; };
/* End PBXBuildFile section */

/* Begin PBXContainerItemProxy section */
		D0A061B51A8C4E2D0032CD4A /* PBXContainerItemProxy */ = {
			isa = PBXContainerItemProxy;
			containerPortal = D0A061941A8C4E2D0032CD4A /* Project object */;
			proxyType = 1;
			remoteGlobalIDString = D0A0619B1A8C4E2D0032CD4A;
			remoteInfo = "Short Steps";
		};
/* End PBXContainerItemProxy section */

/* Begin PBXFileReference section */
		D0063CA21A923FBF00FF83D0 /* tobywings.png */ = {isa = PBXFileReference; lastKnownFileType = image.png; path = tobywings.png; sourceTree = "<group>"; };
		D0063CA41A9245B800FF83D0 /* DSC06971.jpg */ = {isa = PBXFileReference; lastKnownFileType = image.jpeg; path = DSC06971.jpg; sourceTree = "<group>"; };
		D0063CA51A9245B800FF83D0 /* IMG_0264.jpg */ = {isa = PBXFileReference; lastKnownFileType = image.jpeg; path = IMG_0264.jpg; sourceTree = "<group>"; };
		D0063CA61A9245B800FF83D0 /* IMG_0345.jpg */ = {isa = PBXFileReference; lastKnownFileType = image.jpeg; path = IMG_0345.jpg; sourceTree = "<group>"; };
		D0063CA71A9245B800FF83D0 /* IMG_0354.jpg */ = {isa = PBXFileReference; lastKnownFileType = image.jpeg; path = IMG_0354.jpg; sourceTree = "<group>"; };
		D0063CA81A9245B800FF83D0 /* IMG_0381.jpg */ = {isa = PBXFileReference; lastKnownFileType = image.jpeg; path = IMG_0381.jpg; sourceTree = "<group>"; };
		D0063CA91A9245B800FF83D0 /* IMG_0398.jpg */ = {isa = PBXFileReference; lastKnownFileType = image.jpeg; path = IMG_0398.jpg; sourceTree = "<group>"; };
		D0063CAA1A9245B800FF83D0 /* IMG_4071.jpg */ = {isa = PBXFileReference; lastKnownFileType = image.jpeg; path = IMG_4071.jpg; sourceTree = "<group>"; };
		D0063CAB1A9245B800FF83D0 /* IMG_4107.jpg */ = {isa = PBXFileReference; lastKnownFileType = image.jpeg; path = IMG_4107.jpg; sourceTree = "<group>"; };
		D0063CAC1A9245B800FF83D0 /* IMG_4151.jpg */ = {isa = PBXFileReference; lastKnownFileType = image.jpeg; path = IMG_4151.jpg; sourceTree = "<group>"; };
		D0063CAD1A9245B800FF83D0 /* IMG_4194.jpg */ = {isa = PBXFileReference; lastKnownFileType = image.jpeg; path = IMG_4194.jpg; sourceTree = "<group>"; };
		D0063CAE1A9245B800FF83D0 /* IMG_4198.jpg */ = {isa = PBXFileReference; lastKnownFileType = image.jpeg; path = IMG_4198.jpg; sourceTree = "<group>"; };
		D0063CAF1A9245B800FF83D0 /* IMG_4326.jpg */ = {isa = PBXFileReference; lastKnownFileType = image.jpeg; path = IMG_4326.jpg; sourceTree = "<group>"; };
		D0063CB01A9245B800FF83D0 /* IMG_4346.jpg */ = {isa = PBXFileReference; lastKnownFileType = image.jpeg; path = IMG_4346.jpg; sourceTree = "<group>"; };
		D0063CB11A9245B800FF83D0 /* IMG_4358.jpg */ = {isa = PBXFileReference; lastKnownFileType = image.jpeg; path = IMG_4358.jpg; sourceTree = "<group>"; };
		D0063CB21A9245B800FF83D0 /* IMG_4377.jpg */ = {isa = PBXFileReference; lastKnownFileType = image.jpeg; path = IMG_4377.jpg; sourceTree = "<group>"; };
		D0063CB31A9245B800FF83D0 /* IMG_4443.jpg */ = {isa = PBXFileReference; lastKnownFileType = image.jpeg; path = IMG_4443.jpg; sourceTree = "<group>"; };
		D0063CB41A9245B800FF83D0 /* IMG_4446.jpg */ = {isa = PBXFileReference; lastKnownFileType = image.jpeg; path = IMG_4446.jpg; sourceTree = "<group>"; };
		D0063CB51A9245B800FF83D0 /* IMG_4470.jpg */ = {isa = PBXFileReference; lastKnownFileType = image.jpeg; path = IMG_4470.jpg; sourceTree = "<group>"; };
		D0063CB61A9245B800FF83D0 /* IMG_4484.jpg */ = {isa = PBXFileReference; lastKnownFileType = image.jpeg; path = IMG_4484.jpg; sourceTree = "<group>"; };
		D0063CB71A9245B800FF83D0 /* IMG_4509.jpg */ = {isa = PBXFileReference; lastKnownFileType = image.jpeg; path = IMG_4509.jpg; sourceTree = "<group>"; };
		D0063CB81A9245B800FF83D0 /* IMG_4633.jpg */ = {isa = PBXFileReference; lastKnownFileType = image.jpeg; path = IMG_4633.jpg; sourceTree = "<group>"; };
		D0A0619C1A8C4E2D0032CD4A /* Short Steps.app */ = {isa = PBXFileReference; explicitFileType = wrapper.application; includeInIndex = 0; path = "Short Steps.app"; sourceTree = BUILT_PRODUCTS_DIR; };
		D0A061A01A8C4E2D0032CD4A /* Info.plist */ = {isa = PBXFileReference; lastKnownFileType = text.plist.xml; path = Info.plist; sourceTree = "<group>"; };
		D0A061A11A8C4E2D0032CD4A /* AppDelegate.swift */ = {isa = PBXFileReference; lastKnownFileType = sourcecode.swift; path = AppDelegate.swift; sourceTree = "<group>"; };
		D0A061A41A8C4E2D0032CD4A /* Short_Steps.xcdatamodel */ = {isa = PBXFileReference; lastKnownFileType = wrapper.xcdatamodel; path = Short_Steps.xcdatamodel; sourceTree = "<group>"; };
		D0A061A61A8C4E2D0032CD4A /* ViewController.swift */ = {isa = PBXFileReference; lastKnownFileType = sourcecode.swift; path = ViewController.swift; sourceTree = "<group>"; };
		D0A061A91A8C4E2D0032CD4A /* Base */ = {isa = PBXFileReference; lastKnownFileType = file.storyboard; name = Base; path = Base.lproj/Main.storyboard; sourceTree = "<group>"; };
		D0A061AB1A8C4E2D0032CD4A /* Images.xcassets */ = {isa = PBXFileReference; lastKnownFileType = folder.assetcatalog; path = Images.xcassets; sourceTree = "<group>"; };
		D0A061AE1A8C4E2D0032CD4A /* Base */ = {isa = PBXFileReference; lastKnownFileType = file.xib; name = Base; path = Base.lproj/LaunchScreen.xib; sourceTree = "<group>"; };
		D0A061B41A8C4E2D0032CD4A /* Short StepsTests.xctest */ = {isa = PBXFileReference; explicitFileType = wrapper.cfbundle; includeInIndex = 0; path = "Short StepsTests.xctest"; sourceTree = BUILT_PRODUCTS_DIR; };
		D0A061B91A8C4E2D0032CD4A /* Info.plist */ = {isa = PBXFileReference; lastKnownFileType = text.plist.xml; path = Info.plist; sourceTree = "<group>"; };
		D0A061BA1A8C4E2D0032CD4A /* Short_StepsTests.swift */ = {isa = PBXFileReference; lastKnownFileType = sourcecode.swift; path = Short_StepsTests.swift; sourceTree = "<group>"; };
		D0A061CC1A8C7B760032CD4A /* PomPuppySmallest.jpg */ = {isa = PBXFileReference; lastKnownFileType = image.jpeg; path = PomPuppySmallest.jpg; sourceTree = "<group>"; };
		D0A061CE1A8C7CFC0032CD4A /* green_fields.jpg */ = {isa = PBXFileReference; lastKnownFileType = image.jpeg; path = green_fields.jpg; sourceTree = "<group>"; };
		D0C0A2C61A8E5D6700C0EA08 /* Short Steps.entitlements */ = {isa = PBXFileReference; lastKnownFileType = text.xml; path = "Short Steps.entitlements"; sourceTree = "<group>"; };
/* End PBXFileReference section */

/* Begin PBXFrameworksBuildPhase section */
		D0A061991A8C4E2D0032CD4A /* Frameworks */ = {
			isa = PBXFrameworksBuildPhase;
			buildActionMask = 2147483647;
			files = (
			);
			runOnlyForDeploymentPostprocessing = 0;
		};
		D0A061B11A8C4E2D0032CD4A /* Frameworks */ = {
			isa = PBXFrameworksBuildPhase;
			buildActionMask = 2147483647;
			files = (
			);
			runOnlyForDeploymentPostprocessing = 0;
		};
/* End PBXFrameworksBuildPhase section */

/* Begin PBXGroup section */
		D0A061931A8C4E2D0032CD4A = {
			isa = PBXGroup;
			children = (
				D0A0619E1A8C4E2D0032CD4A /* Short Steps */,
				D0A061B71A8C4E2D0032CD4A /* Short StepsTests */,
				D0A0619D1A8C4E2D0032CD4A /* Products */,
			);
			sourceTree = "<group>";
		};
		D0A0619D1A8C4E2D0032CD4A /* Products */ = {
			isa = PBXGroup;
			children = (
				D0A0619C1A8C4E2D0032CD4A /* Short Steps.app */,
				D0A061B41A8C4E2D0032CD4A /* Short StepsTests.xctest */,
			);
			name = Products;
			sourceTree = "<group>";
		};
		D0A0619E1A8C4E2D0032CD4A /* Short Steps */ = {
			isa = PBXGroup;
			children = (
				D0C0A2C61A8E5D6700C0EA08 /* Short Steps.entitlements */,
				D0A061A11A8C4E2D0032CD4A /* AppDelegate.swift */,
				D0A061A61A8C4E2D0032CD4A /* ViewController.swift */,
				D0A061A81A8C4E2D0032CD4A /* Main.storyboard */,
				D0A061AB1A8C4E2D0032CD4A /* Images.xcassets */,
				D0A061AD1A8C4E2D0032CD4A /* LaunchScreen.xib */,
				D0A061A31A8C4E2D0032CD4A /* Short_Steps.xcdatamodeld */,
				D0A0619F1A8C4E2D0032CD4A /* Supporting Files */,
			);
			path = "Short Steps";
			sourceTree = "<group>";
		};
		D0A0619F1A8C4E2D0032CD4A /* Supporting Files */ = {
			isa = PBXGroup;
			children = (
				D0063CA41A9245B800FF83D0 /* DSC06971.jpg */,
				D0063CA51A9245B800FF83D0 /* IMG_0264.jpg */,
				D0063CA61A9245B800FF83D0 /* IMG_0345.jpg */,
				D0063CA71A9245B800FF83D0 /* IMG_0354.jpg */,
				D0063CA81A9245B800FF83D0 /* IMG_0381.jpg */,
				D0063CA91A9245B800FF83D0 /* IMG_0398.jpg */,
				D0063CAA1A9245B800FF83D0 /* IMG_4071.jpg */,
				D0063CAB1A9245B800FF83D0 /* IMG_4107.jpg */,
				D0063CAC1A9245B800FF83D0 /* IMG_4151.jpg */,
				D0063CAD1A9245B800FF83D0 /* IMG_4194.jpg */,
				D0063CAE1A9245B800FF83D0 /* IMG_4198.jpg */,
				D0063CAF1A9245B800FF83D0 /* IMG_4326.jpg */,
				D0063CB01A9245B800FF83D0 /* IMG_4346.jpg */,
				D0063CB11A9245B800FF83D0 /* IMG_4358.jpg */,
				D0063CB21A9245B800FF83D0 /* IMG_4377.jpg */,
				D0063CB31A9245B800FF83D0 /* IMG_4443.jpg */,
				D0063CB41A9245B800FF83D0 /* IMG_4446.jpg */,
				D0063CB51A9245B800FF83D0 /* IMG_4470.jpg */,
				D0063CB61A9245B800FF83D0 /* IMG_4484.jpg */,
				D0063CB71A9245B800FF83D0 /* IMG_4509.jpg */,
				D0063CB81A9245B800FF83D0 /* IMG_4633.jpg */,
				D0A061CE1A8C7CFC0032CD4A /* green_fields.jpg */,
				D0A061CC1A8C7B760032CD4A /* PomPuppySmallest.jpg */,
				D0063CA21A923FBF00FF83D0 /* tobywings.png */,
				D0A061A01A8C4E2D0032CD4A /* Info.plist */,
			);
			name = "Supporting Files";
			sourceTree = "<group>";
		};
		D0A061B71A8C4E2D0032CD4A /* Short StepsTests */ = {
			isa = PBXGroup;
			children = (
				D0A061BA1A8C4E2D0032CD4A /* Short_StepsTests.swift */,
				D0A061B81A8C4E2D0032CD4A /* Supporting Files */,
			);
			path = "Short StepsTests";
			sourceTree = "<group>";
		};
		D0A061B81A8C4E2D0032CD4A /* Supporting Files */ = {
			isa = PBXGroup;
			children = (
				D0A061B91A8C4E2D0032CD4A /* Info.plist */,
			);
			name = "Supporting Files";
			sourceTree = "<group>";
		};
/* End PBXGroup section */

/* Begin PBXNativeTarget section */
		D0A0619B1A8C4E2D0032CD4A /* Short Steps */ = {
			isa = PBXNativeTarget;
			buildConfigurationList = D0A061BE1A8C4E2D0032CD4A /* Build configuration list for PBXNativeTarget "Short Steps" */;
			buildPhases = (
				D0A061981A8C4E2D0032CD4A /* Sources */,
				D0A061991A8C4E2D0032CD4A /* Frameworks */,
				D0A0619A1A8C4E2D0032CD4A /* Resources */,
			);
			buildRules = (
			);
			dependencies = (
			);
			name = "Short Steps";
			productName = "Short Steps";
			productReference = D0A0619C1A8C4E2D0032CD4A /* Short Steps.app */;
			productType = "com.apple.product-type.application";
		};
		D0A061B31A8C4E2D0032CD4A /* Short StepsTests */ = {
			isa = PBXNativeTarget;
			buildConfigurationList = D0A061C11A8C4E2D0032CD4A /* Build configuration list for PBXNativeTarget "Short StepsTests" */;
			buildPhases = (
				D0A061B01A8C4E2D0032CD4A /* Sources */,
				D0A061B11A8C4E2D0032CD4A /* Frameworks */,
				D0A061B21A8C4E2D0032CD4A /* Resources */,
			);
			buildRules = (
			);
			dependencies = (
				D0A061B61A8C4E2D0032CD4A /* PBXTargetDependency */,
			);
			name = "Short StepsTests";
			productName = "Short StepsTests";
			productReference = D0A061B41A8C4E2D0032CD4A /* Short StepsTests.xctest */;
			productType = "com.apple.product-type.bundle.unit-test";
		};
/* End PBXNativeTarget section */

/* Begin PBXProject section */
		D0A061941A8C4E2D0032CD4A /* Project object */ = {
			isa = PBXProject;
			attributes = {
				LastUpgradeCheck = 0610;
				ORGANIZATIONNAME = "Justin DeMaris";
				TargetAttributes = {
					D0A0619B1A8C4E2D0032CD4A = {
						CreatedOnToolsVersion = 6.1.1;
						DevelopmentTeam = 23B33B25PM;
						SystemCapabilities = {
							com.apple.BackgroundModes = {
								enabled = 0;
							};
							com.apple.HealthKit = {
								enabled = 0;
							};
						};
					};
					D0A061B31A8C4E2D0032CD4A = {
						CreatedOnToolsVersion = 6.1.1;
						TestTargetID = D0A0619B1A8C4E2D0032CD4A;
					};
				};
			};
			buildConfigurationList = D0A061971A8C4E2D0032CD4A /* Build configuration list for PBXProject "Short Steps" */;
			compatibilityVersion = "Xcode 3.2";
			developmentRegion = English;
			hasScannedForEncodings = 0;
			knownRegions = (
				en,
				Base,
			);
			mainGroup = D0A061931A8C4E2D0032CD4A;
			productRefGroup = D0A0619D1A8C4E2D0032CD4A /* Products */;
			projectDirPath = "";
			projectRoot = "";
			targets = (
				D0A0619B1A8C4E2D0032CD4A /* Short Steps */,
				D0A061B31A8C4E2D0032CD4A /* Short StepsTests */,
			);
		};
/* End PBXProject section */

/* Begin PBXResourcesBuildPhase section */
		D0A0619A1A8C4E2D0032CD4A /* Resources */ = {
			isa = PBXResourcesBuildPhase;
			buildActionMask = 2147483647;
			files = (
				D0063CC11A9245B800FF83D0 /* IMG_4151.jpg in Resources */,
				D0A061AA1A8C4E2D0032CD4A /* Main.storyboard in Resources */,
				D0063CBC1A9245B800FF83D0 /* IMG_0354.jpg in Resources */,
				D0063CBD1A9245B800FF83D0 /* IMG_0381.jpg in Resources */,
				D0A061AF1A8C4E2D0032CD4A /* LaunchScreen.xib in Resources */,
				D0A061CD1A8C7B760032CD4A /* PomPuppySmallest.jpg in Resources */,
				D0063CCA1A9245B800FF83D0 /* IMG_4470.jpg in Resources */,
				D0063CC41A9245B800FF83D0 /* IMG_4326.jpg in Resources */,
				D0063CC01A9245B800FF83D0 /* IMG_4107.jpg in Resources */,
				D0063CBA1A9245B800FF83D0 /* IMG_0264.jpg in Resources */,
				D0063CC31A9245B800FF83D0 /* IMG_4198.jpg in Resources */,
				D0063CBB1A9245B800FF83D0 /* IMG_0345.jpg in Resources */,
				D0063CC21A9245B800FF83D0 /* IMG_4194.jpg in Resources */,
				D0063CBE1A9245B800FF83D0 /* IMG_0398.jpg in Resources */,
				D0063CB91A9245B800FF83D0 /* DSC06971.jpg in Resources */,
				D0063CCD1A9245B800FF83D0 /* IMG_4633.jpg in Resources */,
				D0063CCB1A9245B800FF83D0 /* IMG_4484.jpg in Resources */,
				D0A061CF1A8C7CFC0032CD4A /* green_fields.jpg in Resources */,
				D0063CC71A9245B800FF83D0 /* IMG_4377.jpg in Resources */,
				D0063CC81A9245B800FF83D0 /* IMG_4443.jpg in Resources */,
				D0063CC91A9245B800FF83D0 /* IMG_4446.jpg in Resources */,
				D0063CC61A9245B800FF83D0 /* IMG_4358.jpg in Resources */,
				D0063CCC1A9245B800FF83D0 /* IMG_4509.jpg in Resources */,
				D0063CA31A923FBF00FF83D0 /* tobywings.png in Resources */,
				D0A061AC1A8C4E2D0032CD4A /* Images.xcassets in Resources */,
				D0063CBF1A9245B800FF83D0 /* IMG_4071.jpg in Resources */,
				D0063CC51A9245B800FF83D0 /* IMG_4346.jpg in Resources */,
			);
			runOnlyForDeploymentPostprocessing = 0;
		};
		D0A061B21A8C4E2D0032CD4A /* Resources */ = {
			isa = PBXResourcesBuildPhase;
			buildActionMask = 2147483647;
			files = (
			);
			runOnlyForDeploymentPostprocessing = 0;
		};
/* End PBXResourcesBuildPhase section */

/* Begin PBXSourcesBuildPhase section */
		D0A061981A8C4E2D0032CD4A /* Sources */ = {
			isa = PBXSourcesBuildPhase;
			buildActionMask = 2147483647;
			files = (
				D0A061A71A8C4E2D0032CD4A /* ViewController.swift in Sources */,
				D0A061A51A8C4E2D0032CD4A /* Short_Steps.xcdatamodeld in Sources */,
				D0A061A21A8C4E2D0032CD4A /* AppDelegate.swift in Sources */,
			);
			runOnlyForDeploymentPostprocessing = 0;
		};
		D0A061B01A8C4E2D0032CD4A /* Sources */ = {
			isa = PBXSourcesBuildPhase;
			buildActionMask = 2147483647;
			files = (
				D0A061BB1A8C4E2D0032CD4A /* Short_StepsTests.swift in Sources */,
			);
			runOnlyForDeploymentPostprocessing = 0;
		};
/* End PBXSourcesBuildPhase section */

/* Begin PBXTargetDependency section */
		D0A061B61A8C4E2D0032CD4A /* PBXTargetDependency */ = {
			isa = PBXTargetDependency;
			target = D0A0619B1A8C4E2D0032CD4A /* Short Steps */;
			targetProxy = D0A061B51A8C4E2D0032CD4A /* PBXContainerItemProxy */;
		};
/* End PBXTargetDependency section */

/* Begin PBXVariantGroup section */
		D0A061A81A8C4E2D0032CD4A /* Main.storyboard */ = {
			isa = PBXVariantGroup;
			children = (
				D0A061A91A8C4E2D0032CD4A /* Base */,
			);
			name = Main.storyboard;
			sourceTree = "<group>";
		};
		D0A061AD1A8C4E2D0032CD4A /* LaunchScreen.xib */ = {
			isa = PBXVariantGroup;
			children = (
				D0A061AE1A8C4E2D0032CD4A /* Base */,
			);
			name = LaunchScreen.xib;
			sourceTree = "<group>";
		};
/* End PBXVariantGroup section */

/* Begin XCBuildConfiguration section */
		D0A061BC1A8C4E2D0032CD4A /* Debug */ = {
			isa = XCBuildConfiguration;
			buildSettings = {
				ALWAYS_SEARCH_USER_PATHS = NO;
				CLANG_CXX_LANGUAGE_STANDARD = "gnu++0x";
				CLANG_CXX_LIBRARY = "libc++";
				CLANG_ENABLE_MODULES = YES;
				CLANG_ENABLE_OBJC_ARC = YES;
				CLANG_WARN_BOOL_CONVERSION = YES;
				CLANG_WARN_CONSTANT_CONVERSION = YES;
				CLANG_WARN_DIRECT_OBJC_ISA_USAGE = YES_ERROR;
				CLANG_WARN_EMPTY_BODY = YES;
				CLANG_WARN_ENUM_CONVERSION = YES;
				CLANG_WARN_INT_CONVERSION = YES;
				CLANG_WARN_OBJC_ROOT_CLASS = YES_ERROR;
				CLANG_WARN_UNREACHABLE_CODE = YES;
				CLANG_WARN__DUPLICATE_METHOD_MATCH = YES;
				"CODE_SIGN_IDENTITY[sdk=iphoneos*]" = "iPhone Developer";
				COPY_PHASE_STRIP = NO;
				ENABLE_STRICT_OBJC_MSGSEND = YES;
				GCC_C_LANGUAGE_STANDARD = gnu99;
				GCC_DYNAMIC_NO_PIC = NO;
				GCC_OPTIMIZATION_LEVEL = 0;
				GCC_PREPROCESSOR_DEFINITIONS = (
					"DEBUG=1",
					"$(inherited)",
				);
				GCC_SYMBOLS_PRIVATE_EXTERN = NO;
				GCC_WARN_64_TO_32_BIT_CONVERSION = YES;
				GCC_WARN_ABOUT_RETURN_TYPE = YES_ERROR;
				GCC_WARN_UNDECLARED_SELECTOR = YES;
				GCC_WARN_UNINITIALIZED_AUTOS = YES_AGGRESSIVE;
				GCC_WARN_UNUSED_FUNCTION = YES;
				GCC_WARN_UNUSED_VARIABLE = YES;
				IPHONEOS_DEPLOYMENT_TARGET = 7.1;
				MTL_ENABLE_DEBUG_INFO = YES;
				ONLY_ACTIVE_ARCH = YES;
				SDKROOT = iphoneos;
				SWIFT_OPTIMIZATION_LEVEL = "-Onone";
				TARGETED_DEVICE_FAMILY = "1,2";
			};
			name = Debug;
		};
		D0A061BD1A8C4E2D0032CD4A /* Release */ = {
			isa = XCBuildConfiguration;
			buildSettings = {
				ALWAYS_SEARCH_USER_PATHS = NO;
				CLANG_CXX_LANGUAGE_STANDARD = "gnu++0x";
				CLANG_CXX_LIBRARY = "libc++";
				CLANG_ENABLE_MODULES = YES;
				CLANG_ENABLE_OBJC_ARC = YES;
				CLANG_WARN_BOOL_CONVERSION = YES;
				CLANG_WARN_CONSTANT_CONVERSION = YES;
				CLANG_WARN_DIRECT_OBJC_ISA_USAGE = YES_ERROR;
				CLANG_WARN_EMPTY_BODY = YES;
				CLANG_WARN_ENUM_CONVERSION = YES;
				CLANG_WARN_INT_CONVERSION = YES;
				CLANG_WARN_OBJC_ROOT_CLASS = YES_ERROR;
				CLANG_WARN_UNREACHABLE_CODE = YES;
				CLANG_WARN__DUPLICATE_METHOD_MATCH = YES;
				"CODE_SIGN_IDENTITY[sdk=iphoneos*]" = "iPhone Developer";
				COPY_PHASE_STRIP = YES;
				ENABLE_NS_ASSERTIONS = NO;
				ENABLE_STRICT_OBJC_MSGSEND = YES;
				GCC_C_LANGUAGE_STANDARD = gnu99;
				GCC_WARN_64_TO_32_BIT_CONVERSION = YES;
				GCC_WARN_ABOUT_RETURN_TYPE = YES_ERROR;
				GCC_WARN_UNDECLARED_SELECTOR = YES;
				GCC_WARN_UNINITIALIZED_AUTOS = YES_AGGRESSIVE;
				GCC_WARN_UNUSED_FUNCTION = YES;
				GCC_WARN_UNUSED_VARIABLE = YES;
				IPHONEOS_DEPLOYMENT_TARGET = 7.1;
				MTL_ENABLE_DEBUG_INFO = NO;
				SDKROOT = iphoneos;
				TARGETED_DEVICE_FAMILY = "1,2";
				VALIDATE_PRODUCT = YES;
			};
			name = Release;
		};
		D0A061BF1A8C4E2D0032CD4A /* Debug */ = {
			isa = XCBuildConfiguration;
			buildSettings = {
				ASSETCATALOG_COMPILER_APPICON_NAME = AppIconOpt;
				ASSETCATALOG_COMPILER_LAUNCHIMAGE_NAME = LaunchImage;
				CODE_SIGN_IDENTITY = "iPhone Developer";
				"CODE_SIGN_IDENTITY[sdk=iphoneos*]" = "iPhone Developer";
				INFOPLIST_FILE = "Short Steps/Info.plist";
				IPHONEOS_DEPLOYMENT_TARGET = 8.0;
				LD_RUNPATH_SEARCH_PATHS = "$(inherited) @executable_path/Frameworks";
				PRODUCT_NAME = "$(TARGET_NAME)";
				PROVISIONING_PROFILE = "";
				TARGETED_DEVICE_FAMILY = 1;
			};
			name = Debug;
		};
		D0A061C01A8C4E2D0032CD4A /* Release */ = {
			isa = XCBuildConfiguration;
			buildSettings = {
				ASSETCATALOG_COMPILER_APPICON_NAME = AppIconOpt;
				ASSETCATALOG_COMPILER_LAUNCHIMAGE_NAME = LaunchImage;
				CODE_SIGN_IDENTITY = "iPhone Developer";
				"CODE_SIGN_IDENTITY[sdk=iphoneos*]" = "iPhone Developer";
				INFOPLIST_FILE = "Short Steps/Info.plist";
				IPHONEOS_DEPLOYMENT_TARGET = 8.0;
				LD_RUNPATH_SEARCH_PATHS = "$(inherited) @executable_path/Frameworks";
				PRODUCT_NAME = "$(TARGET_NAME)";
				PROVISIONING_PROFILE = "";
				TARGETED_DEVICE_FAMILY = 1;
			};
			name = Release;
		};
		D0A061C21A8C4E2D0032CD4A /* Debug */ = {
			isa = XCBuildConfiguration;
			buildSettings = {
				BUNDLE_LOADER = "$(TEST_HOST)";
				FRAMEWORK_SEARCH_PATHS = (
					"$(SDKROOT)/Developer/Library/Frameworks",
					"$(inherited)",
				);
				GCC_PREPROCESSOR_DEFINITIONS = (
					"DEBUG=1",
					"$(inherited)",
				);
				INFOPLIST_FILE = "Short StepsTests/Info.plist";
				LD_RUNPATH_SEARCH_PATHS = "$(inherited) @executable_path/Frameworks @loader_path/Frameworks";
				PRODUCT_NAME = "$(TARGET_NAME)";
				TEST_HOST = "$(BUILT_PRODUCTS_DIR)/Short Steps.app/Short Steps";
			};
			name = Debug;
		};
		D0A061C31A8C4E2D0032CD4A /* Release */ = {
			isa = XCBuildConfiguration;
			buildSettings = {
				BUNDLE_LOADER = "$(TEST_HOST)";
				FRAMEWORK_SEARCH_PATHS = (
					"$(SDKROOT)/Developer/Library/Frameworks",
					"$(inherited)",
				);
				INFOPLIST_FILE = "Short StepsTests/Info.plist";
				LD_RUNPATH_SEARCH_PATHS = "$(inherited) @executable_path/Frameworks @loader_path/Frameworks";
				PRODUCT_NAME = "$(TARGET_NAME)";
				TEST_HOST = "$(BUILT_PRODUCTS_DIR)/Short Steps.app/Short Steps";
			};
			name = Release;
		};
/* End XCBuildConfiguration section */

/* Begin XCConfigurationList section */
		D0A061971A8C4E2D0032CD4A /* Build configuration list for PBXProject "Short Steps" */ = {
			isa = XCConfigurationList;
			buildConfigurations = (
				D0A061BC1A8C4E2D0032CD4A /* Debug */,
				D0A061BD1A8C4E2D0032CD4A /* Release */,
			);
			defaultConfigurationIsVisible = 0;
			defaultConfigurationName = Release;
		};
		D0A061BE1A8C4E2D0032CD4A /* Build configuration list for PBXNativeTarget "Short Steps" */ = {
			isa = XCConfigurationList;
			buildConfigurations = (
				D0A061BF1A8C4E2D0032CD4A /* Debug */,
				D0A061C01A8C4E2D0032CD4A /* Release */,
			);
			defaultConfigurationIsVisible = 0;
			defaultConfigurationName = Release;
		};
		D0A061C11A8C4E2D0032CD4A /* Build configuration list for PBXNativeTarget "Short StepsTests" */ = {
			isa = XCConfigurationList;
			buildConfigurations = (
				D0A061C21A8C4E2D0032CD4A /* Debug */,
				D0A061C31A8C4E2D0032CD4A /* Release */,
			);
			defaultConfigurationIsVisible = 0;
			defaultConfigurationName = Release;
		};
/* End XCConfigurationList section */

/* Begin XCVersionGroup section */
		D0A061A31A8C4E2D0032CD4A /* Short_Steps.xcdatamodeld */ = {
			isa = XCVersionGroup;
			children = (
				D0A061A41A8C4E2D0032CD4A /* Short_Steps.xcdatamodel */,
			);
			currentVersion = D0A061A41A8C4E2D0032CD4A /* Short_Steps.xcdatamodel */;
			path = Short_Steps.xcdatamodeld;
			sourceTree = "<group>";
			versionGroupType = wrapper.xcdatamodel;
		};
/* End XCVersionGroup section */
	};
	rootObject = D0A061941A8C4E2D0032CD4A /* Project object */;
}
